
Microsoft Visual Studio Solution File, Format Version 12.00
# Visual Studio Version 16
VisualStudioVersion = 16.0.31702.278
MinimumVisualStudioVersion = 10.0.40219.1
Project("{FAE04EC0-301F-11D3-BF4B-00C04F79EFBC}") = "DayBack", "DayBack\DayBack.csproj", "{8B6D3CBC-020A-47AE-92D1-BCBECBBF26DA}"
EndProject
Global
	GlobalSection(SolutionConfigurationPlatforms) = preSolution
		Debug|Any CPU = Debug|Any CPU
		Release|Any CPU = Release|Any CPU
	EndGlobalSection
	GlobalSection(ProjectConfigurationPlatforms) = postSolution
		{8B6D3CBC-020A-47AE-92D1-BCBECBBF26DA}.Debug|Any CPU.ActiveCfg = Debug|Any CPU
		{8B6D3CBC-020A-47AE-92D1-BCBECBBF26DA}.Debug|Any CPU.Build.0 = Debug|Any CPU
		{8B6D3CBC-020A-47AE-92D1-BCBECBBF26DA}.Release|Any CPU.ActiveCfg = Release|Any CPU
		{8B6D3CBC-020A-47AE-92D1-BCBECBBF26DA}.Release|Any CPU.Build.0 = Release|Any CPU
	EndGlobalSection
	GlobalSection(SolutionProperties) = preSolution
		HideSolutionNode = FALSE
	EndGlobalSection
	GlobalSection(ExtensibilityGlobals) = postSolution
		SolutionGuid = {EF40EAAF-DE53-4D48-945C-118D077CE7CE}
	EndGlobalSection
EndGlobal
